{
  "version": "4",
  "specifiers": {
    "jsr:@es-toolkit/es-toolkit@^1.21.0": "1.21.0",
    "jsr:@std/assert@*": "1.0.6",
    "jsr:@std/assert@^1.0.6": "1.0.6",
    "jsr:@std/internal@^1.0.4": "1.0.4",
    "npm:@toshiara/special-erfinv@1": "1.0.0",
    "npm:@types/node@*": "18.16.19",
    "npm:d3-random@^3.0.1": "3.0.1",
    "npm:d3@^7.9.0": "7.9.0_d3-selection@3.0.0",
    "npm:subscript@^8.4.1": "8.4.1"
  },
  "jsr": {
    "@es-toolkit/es-toolkit@1.21.0": {
      "integrity": "281fc3853bba520965aa9380d2f84d78da2f8459b20acb6737677e44a814c93d"
    },
    "@std/assert@1.0.6": {
      "integrity": "1904c05806a25d94fe791d6d883b685c9e2dcd60e4f9fc30f4fc5cf010c72207",
      "dependencies": [
        "jsr:@std/internal"
      ]
    },
    "@std/internal@1.0.4": {
      "integrity": "62e8e4911527e5e4f307741a795c0b0a9e6958d0b3790716ae71ce085f755422"
    }
  },
  "npm": {
    "@toshiara/helper-functions@0.2.0": {
      "integrity": "sha512-ndHvmj2kIzABrwXHEZrUoOxhhJaXCSRIbeHsFKW+2kICkdGW6gkoN0G8NfRh37xKmafjrUzctQB8YJlXZKDCVw=="
    },
    "@toshiara/special-erfinv@1.0.0": {
      "integrity": "sha512-PPpJp2/j6K54LuE0wO02kfQ0N1jv7CTkgb+pyB/YbiyaPgEa5VYRwZZmyTkjYnyWu7ia0sJnuk+VPCHLFidfOw==",
      "dependencies": [
        "@toshiara/helper-functions"
      ]
    },
    "@types/node@18.16.19": {
      "integrity": "sha512-IXl7o+R9iti9eBW4Wg2hx1xQDig183jj7YLn8F7udNceyfkbn1ZxmzZXuak20gR40D7pIkIY1kYGx5VIGbaHKA=="
    },
    "commander@7.2.0": {
      "integrity": "sha512-QrWXB+ZQSVPmIWIhtEO9H+gwHaMGYiF5ChvoJ+K9ZGHG/sVsa6yiesAD1GC/x46sET00Xlwo1u49RVVVzvcSkw=="
    },
    "d3-array@3.2.4": {
      "integrity": "sha512-tdQAmyA18i4J7wprpYq8ClcxZy3SC31QMeByyCFyRt7BVHdREQZ5lpzoe5mFEYZUWe+oq8HBvk9JjpibyEV4Jg==",
      "dependencies": [
        "internmap"
      ]
    },
    "d3-axis@3.0.0": {
      "integrity": "sha512-IH5tgjV4jE/GhHkRV0HiVYPDtvfjHQlQfJHs0usq7M30XcSBvOotpmH1IgkcXsO/5gEQZD43B//fc7SRT5S+xw=="
    },
    "d3-brush@3.0.0_d3-selection@3.0.0": {
      "integrity": "sha512-ALnjWlVYkXsVIGlOsuWH1+3udkYFI48Ljihfnh8FZPF2QS9o+PzGLBslO0PjzVoHLZ2KCVgAM8NVkXPJB2aNnQ==",
      "dependencies": [
        "d3-dispatch",
        "d3-drag",
        "d3-interpolate",
        "d3-selection",
        "d3-transition"
      ]
    },
    "d3-chord@3.0.1": {
      "integrity": "sha512-VE5S6TNa+j8msksl7HwjxMHDM2yNK3XCkusIlpX5kwauBfXuyLAtNg9jCp/iHH61tgI4sb6R/EIMWCqEIdjT/g==",
      "dependencies": [
        "d3-path"
      ]
    },
    "d3-color@3.1.0": {
      "integrity": "sha512-zg/chbXyeBtMQ1LbD/WSoW2DpC3I0mpmPdW+ynRTj/x2DAWYrIY7qeZIHidozwV24m4iavr15lNwIwLxRmOxhA=="
    },
    "d3-contour@4.0.2": {
      "integrity": "sha512-4EzFTRIikzs47RGmdxbeUvLWtGedDUNkTcmzoeyg4sP/dvCexO47AaQL7VKy/gul85TOxw+IBgA8US2xwbToNA==",
      "dependencies": [
        "d3-array"
      ]
    },
    "d3-delaunay@6.0.4": {
      "integrity": "sha512-mdjtIZ1XLAM8bm/hx3WwjfHt6Sggek7qH043O8KEjDXN40xi3vx/6pYSVTwLjEgiXQTbvaouWKynLBiUZ6SK6A==",
      "dependencies": [
        "delaunator"
      ]
    },
    "d3-dispatch@3.0.1": {
      "integrity": "sha512-rzUyPU/S7rwUflMyLc1ETDeBj0NRuHKKAcvukozwhshr6g6c5d8zh4c2gQjY2bZ0dXeGLWc1PF174P2tVvKhfg=="
    },
    "d3-drag@3.0.0": {
      "integrity": "sha512-pWbUJLdETVA8lQNJecMxoXfH6x+mO2UQo8rSmZ+QqxcbyA3hfeprFgIT//HW2nlHChWeIIMwS2Fq+gEARkhTkg==",
      "dependencies": [
        "d3-dispatch",
        "d3-selection"
      ]
    },
    "d3-dsv@3.0.1": {
      "integrity": "sha512-UG6OvdI5afDIFP9w4G0mNq50dSOsXHJaRE8arAS5o9ApWnIElp8GZw1Dun8vP8OyHOZ/QJUKUJwxiiCCnUwm+Q==",
      "dependencies": [
        "commander",
        "iconv-lite",
        "rw"
      ]
    },
    "d3-ease@3.0.1": {
      "integrity": "sha512-wR/XK3D3XcLIZwpbvQwQ5fK+8Ykds1ip7A2Txe0yxncXSdq1L9skcG7blcedkOX+ZcgxGAmLX1FrRGbADwzi0w=="
    },
    "d3-fetch@3.0.1": {
      "integrity": "sha512-kpkQIM20n3oLVBKGg6oHrUchHM3xODkTzjMoj7aWQFq5QEM+R6E4WkzT5+tojDY7yjez8KgCBRoj4aEr99Fdqw==",
      "dependencies": [
        "d3-dsv"
      ]
    },
    "d3-force@3.0.0": {
      "integrity": "sha512-zxV/SsA+U4yte8051P4ECydjD/S+qeYtnaIyAs9tgHCqfguma/aAQDjo85A9Z6EKhBirHRJHXIgJUlffT4wdLg==",
      "dependencies": [
        "d3-dispatch",
        "d3-quadtree",
        "d3-timer"
      ]
    },
    "d3-format@3.1.0": {
      "integrity": "sha512-YyUI6AEuY/Wpt8KWLgZHsIU86atmikuoOmCfommt0LYHiQSPjvX2AcFc38PX0CBpr2RCyZhjex+NS/LPOv6YqA=="
    },
    "d3-geo@3.1.1": {
      "integrity": "sha512-637ln3gXKXOwhalDzinUgY83KzNWZRKbYubaG+fGVuc/dxO64RRljtCTnf5ecMyE1RIdtqpkVcq0IbtU2S8j2Q==",
      "dependencies": [
        "d3-array"
      ]
    },
    "d3-hierarchy@3.1.2": {
      "integrity": "sha512-FX/9frcub54beBdugHjDCdikxThEqjnR93Qt7PvQTOHxyiNCAlvMrHhclk3cD5VeAaq9fxmfRp+CnWw9rEMBuA=="
    },
    "d3-interpolate@3.0.1": {
      "integrity": "sha512-3bYs1rOD33uo8aqJfKP3JWPAibgw8Zm2+L9vBKEHJ2Rg+viTR7o5Mmv5mZcieN+FRYaAOWX5SJATX6k1PWz72g==",
      "dependencies": [
        "d3-color"
      ]
    },
    "d3-path@3.1.0": {
      "integrity": "sha512-p3KP5HCf/bvjBSSKuXid6Zqijx7wIfNW+J/maPs+iwR35at5JCbLUT0LzF1cnjbCHWhqzQTIN2Jpe8pRebIEFQ=="
    },
    "d3-polygon@3.0.1": {
      "integrity": "sha512-3vbA7vXYwfe1SYhED++fPUQlWSYTTGmFmQiany/gdbiWgU/iEyQzyymwL9SkJjFFuCS4902BSzewVGsHHmHtXg=="
    },
    "d3-quadtree@3.0.1": {
      "integrity": "sha512-04xDrxQTDTCFwP5H6hRhsRcb9xxv2RzkcsygFzmkSIOJy3PeRJP7sNk3VRIbKXcog561P9oU0/rVH6vDROAgUw=="
    },
    "d3-random@3.0.1": {
      "integrity": "sha512-FXMe9GfxTxqd5D6jFsQ+DJ8BJS4E/fT5mqqdjovykEB2oFbTMDVdg1MGFxfQW+FBOGoB++k8swBrgwSHT1cUXQ=="
    },
    "d3-scale-chromatic@3.1.0": {
      "integrity": "sha512-A3s5PWiZ9YCXFye1o246KoscMWqf8BsD9eRiJ3He7C9OBaxKhAd5TFCdEx/7VbKtxxTsu//1mMJFrEt572cEyQ==",
      "dependencies": [
        "d3-color",
        "d3-interpolate"
      ]
    },
    "d3-scale@4.0.2": {
      "integrity": "sha512-GZW464g1SH7ag3Y7hXjf8RoUuAFIqklOAq3MRl4OaWabTFJY9PN/E1YklhXLh+OQ3fM9yS2nOkCoS+WLZ6kvxQ==",
      "dependencies": [
        "d3-array",
        "d3-format",
        "d3-interpolate",
        "d3-time",
        "d3-time-format"
      ]
    },
    "d3-selection@3.0.0": {
      "integrity": "sha512-fmTRWbNMmsmWq6xJV8D19U/gw/bwrHfNXxrIN+HfZgnzqTHp9jOmKMhsTUjXOJnZOdZY9Q28y4yebKzqDKlxlQ=="
    },
    "d3-shape@3.2.0": {
      "integrity": "sha512-SaLBuwGm3MOViRq2ABk3eLoxwZELpH6zhl3FbAoJ7Vm1gofKx6El1Ib5z23NUEhF9AsGl7y+dzLe5Cw2AArGTA==",
      "dependencies": [
        "d3-path"
      ]
    },
    "d3-time-format@4.1.0": {
      "integrity": "sha512-dJxPBlzC7NugB2PDLwo9Q8JiTR3M3e4/XANkreKSUxF8vvXKqm1Yfq4Q5dl8budlunRVlUUaDUgFt7eA8D6NLg==",
      "dependencies": [
        "d3-time"
      ]
    },
    "d3-time@3.1.0": {
      "integrity": "sha512-VqKjzBLejbSMT4IgbmVgDjpkYrNWUYJnbCGo874u7MMKIWsILRX+OpX/gTk8MqjpT1A/c6HY2dCA77ZN0lkQ2Q==",
      "dependencies": [
        "d3-array"
      ]
    },
    "d3-timer@3.0.1": {
      "integrity": "sha512-ndfJ/JxxMd3nw31uyKoY2naivF+r29V+Lc0svZxe1JvvIRmi8hUsrMvdOwgS1o6uBHmiz91geQ0ylPP0aj1VUA=="
    },
    "d3-transition@3.0.1_d3-selection@3.0.0": {
      "integrity": "sha512-ApKvfjsSR6tg06xrL434C0WydLr7JewBB3V+/39RMHsaXTOG0zmt/OAXeng5M5LBm0ojmxJrpomQVZ1aPvBL4w==",
      "dependencies": [
        "d3-color",
        "d3-dispatch",
        "d3-ease",
        "d3-interpolate",
        "d3-selection",
        "d3-timer"
      ]
    },
    "d3-zoom@3.0.0_d3-selection@3.0.0": {
      "integrity": "sha512-b8AmV3kfQaqWAuacbPuNbL6vahnOJflOhexLzMMNLga62+/nh0JzvJ0aO/5a5MVgUFGS7Hu1P9P03o3fJkDCyw==",
      "dependencies": [
        "d3-dispatch",
        "d3-drag",
        "d3-interpolate",
        "d3-selection",
        "d3-transition"
      ]
    },
    "d3@7.9.0_d3-selection@3.0.0": {
      "integrity": "sha512-e1U46jVP+w7Iut8Jt8ri1YsPOvFpg46k+K8TpCb0P+zjCkjkPnV7WzfDJzMHy1LnA+wj5pLT1wjO901gLXeEhA==",
      "dependencies": [
        "d3-array",
        "d3-axis",
        "d3-brush",
        "d3-chord",
        "d3-color",
        "d3-contour",
        "d3-delaunay",
        "d3-dispatch",
        "d3-drag",
        "d3-dsv",
        "d3-ease",
        "d3-fetch",
        "d3-force",
        "d3-format",
        "d3-geo",
        "d3-hierarchy",
        "d3-interpolate",
        "d3-path",
        "d3-polygon",
        "d3-quadtree",
        "d3-random",
        "d3-scale",
        "d3-scale-chromatic",
        "d3-selection",
        "d3-shape",
        "d3-time",
        "d3-time-format",
        "d3-timer",
        "d3-transition",
        "d3-zoom"
      ]
    },
    "delaunator@5.0.1": {
      "integrity": "sha512-8nvh+XBe96aCESrGOqMp/84b13H9cdKbG5P2ejQCh4d4sK9RL4371qou9drQjMhvnPmhWl5hnmqbEE0fXr9Xnw==",
      "dependencies": [
        "robust-predicates"
      ]
    },
    "iconv-lite@0.6.3": {
      "integrity": "sha512-4fCk79wshMdzMp2rH06qWrJE4iolqLhCUH+OiuIgU++RB0+94NlDL81atO7GX55uUKueo0txHNtvEyI6D7WdMw==",
      "dependencies": [
        "safer-buffer"
      ]
    },
    "internmap@2.0.3": {
      "integrity": "sha512-5Hh7Y1wQbvY5ooGgPbDaL5iYLAPzMTUrjMulskHLH6wnv/A+1q5rgEaiuqEjB+oxGXIVZs1FF+R/KPN3ZSQYYg=="
    },
    "robust-predicates@3.0.2": {
      "integrity": "sha512-IXgzBWvWQwE6PrDI05OvmXUIruQTcoMDzRsOd5CDvHCVLcLHMTSYvOK5Cm46kWqlV3yAbuSpBZdJ5oP5OUoStg=="
    },
    "rw@1.3.3": {
      "integrity": "sha512-PdhdWy89SiZogBLaw42zdeqtRJ//zFd2PgQavcICDUgJT5oW10QCRKbJ6bg4r0/UY2M6BWd5tkxuGFRvCkgfHQ=="
    },
    "safer-buffer@2.1.2": {
      "integrity": "sha512-YZo3K82SD7Riyi0E1EQPojLz7kpepnSQI9IyPbHHg1XXXevb5dJI7tpyN2ADxGcQbHG7vcyRHk0cbwqcQriUtg=="
    },
    "subscript@8.4.1": {
      "integrity": "sha512-Ir0x9KaMJ692gwAbY+4MEV3PKUrF85siF7eqFkLKT9ijo5Dgg0EHspkxr/cRdgYXUS1m07FF2NXtPlTK2ztw9A=="
    }
  },
  "redirects": {
    "https://esm.sh/@observablehq/plot": "https://esm.sh/@observablehq/plot@0.6.13",
    "https://esm.sh/@observablehq/plot@^0.6.13": "https://esm.sh/@observablehq/plot@0.6.13",
    "https://esm.sh/@stdlib/math/base/special/erfinv": "https://esm.sh/@stdlib/math@0.2.1/base/special/erfinv",
    "https://esm.sh/@stdlib/math@^0.2.1/base/special/erfinv": "https://esm.sh/@stdlib/math@0.2.1/base/special/erfinv",
    "https://esm.sh/@stdlib/math@^0.2.1/base/special/erfinv/lib": "https://esm.sh/@stdlib/math@0.2.1/base/special/erfinv/lib",
    "https://esm.sh/@stdlib/random/base/lognormal": "https://esm.sh/@stdlib/random@0.2.1/base/lognormal",
    "https://esm.sh/@stdlib/random@^0.2.1/base/beta": "https://esm.sh/@stdlib/random@0.2.1/base/beta",
    "https://esm.sh/@stdlib/random@^0.2.1/base/beta/lib": "https://esm.sh/@stdlib/random@0.2.1/base/beta/lib",
    "https://esm.sh/@stdlib/random@^0.2.1/base/gamma": "https://esm.sh/@stdlib/random@0.2.1/base/gamma",
    "https://esm.sh/@stdlib/random@^0.2.1/base/gamma/lib": "https://esm.sh/@stdlib/random@0.2.1/base/gamma/lib",
    "https://esm.sh/@stdlib/random@^0.2.1/base/lognormal": "https://esm.sh/@stdlib/random@0.2.1/base/lognormal",
    "https://esm.sh/@stdlib/random@^0.2.1/base/lognormal/lib": "https://esm.sh/@stdlib/random@0.2.1/base/lognormal/lib",
    "https://esm.sh/@stdlib/random@^0.2.1/base/normal": "https://esm.sh/@stdlib/random@0.2.1/base/normal",
    "https://esm.sh/@stdlib/random@^0.2.1/base/normal/lib": "https://esm.sh/@stdlib/random@0.2.1/base/normal/lib",
    "https://esm.sh/@stdlib/random@^0.2.1/base/uniform": "https://esm.sh/@stdlib/random@0.2.1/base/uniform",
    "https://esm.sh/@stdlib/random@^0.2.1/base/uniform/lib": "https://esm.sh/@stdlib/random@0.2.1/base/uniform/lib",
    "https://esm.sh/@stdlib/random@^0.2.1/sample": "https://esm.sh/@stdlib/random@0.2.1/sample",
    "https://esm.sh/@stdlib/random@^0.2.1/sample/lib": "https://esm.sh/@stdlib/random@0.2.1/sample/lib",
    "https://esm.sh/d3@^7.8.5": "https://esm.sh/d3@7.8.5",
    "https://esm.sh/fast-kde": "https://esm.sh/fast-kde@0.2.1",
    "https://esm.sh/fast-kde@^0.2.1": "https://esm.sh/fast-kde@0.2.1",
    "https://esm.sh/subscript": "https://esm.sh/subscript@8.2.2",
    "https://esm.sh/subscript@^8.2.2/compile": "https://esm.sh/subscript@8.2.2/compile",
    "https://esm.sh/subscript@^8.2.2/parse": "https://esm.sh/subscript@8.2.2/parse",
    "https://esm.sh/v135/@types/d3@^7/index.d.ts": "https://esm.sh/v135/@types/d3@7.4.3/index.d.ts"
  },
  "remote": {
    "https://esm.sh/@observablehq/plot@0.6.13": "2e69082e032cc540295ea34ba623db02f2608277ff0cc97ccca5e4136ab39a0c",
    "https://esm.sh/@stdlib/math@0.2.1/base/special/erfinv": "a4df7554230db4104c52b1291298e7160948b3a474751c8971ba14a23ca6d819",
    "https://esm.sh/@stdlib/math@0.2.1/base/special/erfinv/lib": "2669f1b4a5c276ca7b4c22dedf2139b942c75ca8e1370bf52a8342c149f84f2a",
    "https://esm.sh/@stdlib/random@0.2.1/base/beta": "ddaae4c385474609458b6671554168d0aa0dec6d05ca54f1c309ce0d5227c43a",
    "https://esm.sh/@stdlib/random@0.2.1/base/beta/lib": "a83eb134c532a1be64149dd545f38f48530cd1944d61c72cb16c07eccad9fd9c",
    "https://esm.sh/@stdlib/random@0.2.1/base/gamma": "da7c1b107ff8c220435c1e55b96bd4e9fbe569c4e5951c3aa905d9cac0b4d260",
    "https://esm.sh/@stdlib/random@0.2.1/base/gamma/lib": "410facf2d5f110ad4661df0f5b96146561a99e925f6175ad4b0e306c87a5ac8b",
    "https://esm.sh/@stdlib/random@0.2.1/base/lognormal": "82aee9e78d447af4b36e7c975d2d7f137bcf98dbbd66020e6f44a69f5682c96f",
    "https://esm.sh/@stdlib/random@0.2.1/base/lognormal/lib": "a48279fd168720230f652d15684e13ff3ab451210a32a480a415aa08ec8e09b7",
    "https://esm.sh/@stdlib/random@0.2.1/base/normal": "a571cf15ed83e8a57ff37df50b8e60f9b2bbfceeb055aea5483b7edec57d79fb",
    "https://esm.sh/@stdlib/random@0.2.1/base/normal/lib": "a1d049be76193eeb1feab343df5bd68f22ec0301915143a1107181abe445eee3",
    "https://esm.sh/@stdlib/random@0.2.1/base/uniform": "d4b07ae74a77820c4af4f7dac8192adc8f64044a3bc53c465eabc87bfbddb455",
    "https://esm.sh/@stdlib/random@0.2.1/base/uniform/lib": "7cd833e0dd893b84a23050e113b0bcf61a4415f7d2b1d26a7d9382cb6f60aa52",
    "https://esm.sh/@stdlib/random@0.2.1/sample": "cfed4d15e45499b63a3f5b0c985533a69aca4229674d436617fa655524b35702",
    "https://esm.sh/@stdlib/random@0.2.1/sample/lib": "925cb58161127ad73e21a8d3f13526dc3dfcbfc0fe6a4647725102097f855497",
    "https://esm.sh/d3@7.8.5": "2156353fff6e1c16a778a54a85472fe3725b74ac35f62b4586e869b1f86a6778",
    "https://esm.sh/fast-kde@0.2.1": "08c8ca8997c0cd14c9d8d3f725746e4206a85d89d194e63e173af1c4b9efef7c",
    "https://esm.sh/subscript@8.2.2": "37b901cf346a43731ee356ac2e0acac17b4b9c871528c476d1b20b0431b80373",
    "https://esm.sh/subscript@8.2.2/compile": "06cf982654e052444948d6c4262066026a871f6de6807e5efbe32fcc2a847795",
    "https://esm.sh/subscript@8.2.2/parse": "b59719f1ea65bc537b3bad9f2dd9b7d68a76f3c06a068394904cb05b9e7dde49",
    "https://esm.sh/v135/@observablehq/plot@0.6.13/denonext/plot.mjs": "afc27ad283c1a369cd5100df576f4ae8eec4e08afdfc30a984f8c9cfa64b17e6",
    "https://esm.sh/v135/@observablehq/plot@0.6.13/denonext/src/plot.js": "e7f9567cb0bba8beb8681b6a84504aac3dfba2f2d89d63acf2d541c44a653a57",
    "https://esm.sh/v135/@stdlib/array@0.2.1/denonext/base/arraylike2object.js": "93b9f0a04a381ad5782bd1cc1c1dbf58ac246e548e36439b1bb5af1f90b35e44",
    "https://esm.sh/v135/@stdlib/array@0.2.1/denonext/complex128.js": "d93a909a611cf6a3f15b748a0932b6926d8d64543e13a1fc44a45ba3babeb4fe",
    "https://esm.sh/v135/@stdlib/array@0.2.1/denonext/complex64.js": "88322482e08ad69edce13302241f5897fb988848960ed47afcc5205eda8e1524",
    "https://esm.sh/v135/@stdlib/array@0.2.1/denonext/float32.js": "b652331856249f637fb758eb03b8934f575572013e71be7dce63202fe578c950",
    "https://esm.sh/v135/@stdlib/array@0.2.1/denonext/float64.js": "a444ffdb6f869d0a58ddb27b49aa7aa5d4db1436deb4992f5c85e021e4e22bd9",
    "https://esm.sh/v135/@stdlib/array@0.2.1/denonext/int16.js": "9ee8d98b538a5ee80a8983dc75a98520310460e3b1be1d2372aec51cabd99fef",
    "https://esm.sh/v135/@stdlib/array@0.2.1/denonext/int32.js": "2cc152e7dd394259a5377fd4f499792fa4a6b813ae0c1504a9744eade67b2465",
    "https://esm.sh/v135/@stdlib/array@0.2.1/denonext/int8.js": "d93843dff63788886d3eef311c0d136b505cc6bf400008e7cacc621da5fe472a",
    "https://esm.sh/v135/@stdlib/array@0.2.1/denonext/to-json.js": "c7f9657a668107ef70e4622c1c9c88e10e1994d88981a62534022fece9a2563f",
    "https://esm.sh/v135/@stdlib/array@0.2.1/denonext/uint16.js": "f78eabe0833d4eaa352e5895949c682ab9cf443804fd9c6b7ec06190003c3b2d",
    "https://esm.sh/v135/@stdlib/array@0.2.1/denonext/uint32.js": "ad1148bb2b8dce39f1269a3f97c90a0c33d5a4e8a536cb02c924774d42286721",
    "https://esm.sh/v135/@stdlib/array@0.2.1/denonext/uint8.js": "8fb559e8c8d48b80af2c77bb630664155a43de0014ba835a3e1357b0702f68a0",
    "https://esm.sh/v135/@stdlib/array@0.2.1/denonext/uint8c.js": "ce148392e644b8de5231096ff3d7bab2f5f33d81f8a4d192b574d971a190db89",
    "https://esm.sh/v135/@stdlib/assert@0.2.1/denonext/has-float32array-support.js": "f94a167b6c7df4eba84ad087d4ebcfdd8f0d78ce72111eb496c4b67f377a0ff1",
    "https://esm.sh/v135/@stdlib/assert@0.2.1/denonext/has-float64array-support.js": "f982fcc1442d4fd165b015bcc3a5544af634095d7de262c8b169547b564e9941",
    "https://esm.sh/v135/@stdlib/assert@0.2.1/denonext/has-function-name-support.js": "7ac6fe0f213a46aa61dafc52dfbaed41f110aebbadc8e7a5f817667103e83226",
    "https://esm.sh/v135/@stdlib/assert@0.2.1/denonext/has-int16array-support.js": "6f25fd077ebf945083d030bc6bd4daed0fe73bb4b0ddb0cd6cfdff8637449b53",
    "https://esm.sh/v135/@stdlib/assert@0.2.1/denonext/has-int32array-support.js": "cf582162d5ff37e5fbf530892639c472f0e3fc0506a7a3d01d2bd6b7d9f11598",
    "https://esm.sh/v135/@stdlib/assert@0.2.1/denonext/has-int8array-support.js": "c7b5511322cd34ded3d5a60f00d8cab2bcdbb816cfe759c9ed895b2f555ceddb",
    "https://esm.sh/v135/@stdlib/assert@0.2.1/denonext/has-iterator-symbol-support.js": "67d67f3a14e9e8ce8478be6eab63f619fddff1ced87952864773de42125f0c10",
    "https://esm.sh/v135/@stdlib/assert@0.2.1/denonext/has-node-buffer-support.js": "6f831945ebe4e9835fb9965916d457479ce6893d99454b303b7f7081bc5d5085",
    "https://esm.sh/v135/@stdlib/assert@0.2.1/denonext/has-own-property.js": "2c847ff70379279bd517b2cdff2a0a3cccbf01f9b9e1f503ecd362412c000422",
    "https://esm.sh/v135/@stdlib/assert@0.2.1/denonext/has-tostringtag-support.js": "2025b5f9e3e772d96de29221903c7c8867509821908b2bc606478b90299835bd",
    "https://esm.sh/v135/@stdlib/assert@0.2.1/denonext/has-uint16array-support.js": "7b6189de7d8a00394204b97c76335a29c89c7e1fd736d81a5f541ff6566e19a6",
    "https://esm.sh/v135/@stdlib/assert@0.2.1/denonext/has-uint32array-support.js": "9b5f1f9ab7b39e551a980032d544d2eb3b00d43ebf85c74d19fbac857fd7df5b",
    "https://esm.sh/v135/@stdlib/assert@0.2.1/denonext/has-uint8array-support.js": "ed9e72b076035e0e70e65128e9c43f401608efba0fe1a313aa914147a6a6e232",
    "https://esm.sh/v135/@stdlib/assert@0.2.1/denonext/has-uint8clampedarray-support.js": "af21e240d3d674682ca464a31cbedf3779de3dba832a2ba6a0f2e8da884a8f8f",
    "https://esm.sh/v135/@stdlib/assert@0.2.1/denonext/instance-of.js": "8488a9f805638097fb78aa4dbb7d7bde00b7d9f13feae435219f93a4f0408bba",
    "https://esm.sh/v135/@stdlib/assert@0.2.1/denonext/is-arguments.js": "2cd9aa4a6b5b0016389e0908102bfe514440e90924023ba385dbb057c32e52d5",
    "https://esm.sh/v135/@stdlib/assert@0.2.1/denonext/is-array-like-object.js": "5ecaa4bd183d21a8f2677677300ec799f93878a83c108c783f3f482d82910690",
    "https://esm.sh/v135/@stdlib/assert@0.2.1/denonext/is-array-like.js": "00c6a838962122ae55f38ea4575b06bcce92178f34ea7fb2843512cb96e042b1",
    "https://esm.sh/v135/@stdlib/assert@0.2.1/denonext/is-array.js": "79a4e07e2ae3b5235b6711f5b7981c7c18b77156258c88803b39156cdeb89e4e",
    "https://esm.sh/v135/@stdlib/assert@0.2.1/denonext/is-arraybuffer.js": "f5da5d9f2630ed82ca57d6614d0697b4a395de6f20d49b0ce84a908b3f17d2df",
    "https://esm.sh/v135/@stdlib/assert@0.2.1/denonext/is-boolean.js": "a5be749e66e2bf1a90ccc2a989774492d52e8ef75591196ad9d9a1b8d7fbe9e6",
    "https://esm.sh/v135/@stdlib/assert@0.2.1/denonext/is-buffer.js": "a14d6ac49c29fe0d3f7edcd6c9dd195d16a6ab04a10672acee8389ff2a69ea18",
    "https://esm.sh/v135/@stdlib/assert@0.2.1/denonext/is-collection.js": "bf016bdc3229ce8f796c7aa9d482781eadd5ec650b65dcc5bdbfbf6e452ad03a",
    "https://esm.sh/v135/@stdlib/assert@0.2.1/denonext/is-complex-like.js": "69f47e3ebde130f64b3f6c375ac834d33794780d551cfedfaf950609af0dbd59",
    "https://esm.sh/v135/@stdlib/assert@0.2.1/denonext/is-complex-typed-array.js": "ca50554aed29c68a764620b3be410aed68651b5c4e0f7f1326b9eff01d1886a5",
    "https://esm.sh/v135/@stdlib/assert@0.2.1/denonext/is-enumerable-property.js": "b0d6bf701c934e621d591268f230f8a646bece7e85ee3c55a843153019015bfd",
    "https://esm.sh/v135/@stdlib/assert@0.2.1/denonext/is-error.js": "0e8629f84ffe8cfb61aada6eb493c9f9121804a117bbd38a81ce136c72056db4",
    "https://esm.sh/v135/@stdlib/assert@0.2.1/denonext/is-function.js": "eb09b8ad13b4d597ef4960ff46b240bfa987f140d624b40c07982ed308264251",
    "https://esm.sh/v135/@stdlib/assert@0.2.1/denonext/is-integer.js": "ddd7cd7ec5ef5e9f23e0844aba7c0437ffcf65cec0dccacbc1e9678bad62b363",
    "https://esm.sh/v135/@stdlib/assert@0.2.1/denonext/is-little-endian.js": "67ccb936444263da184ade2dae76b621c63c8c2abdc2d22d4163d2dcae6a5f81",
    "https://esm.sh/v135/@stdlib/assert@0.2.1/denonext/is-nan.js": "fd4cdfa4a8e4fa42579f4aff1e6d62fe0b7816e617f264bef22add7b8da7fbc3",
    "https://esm.sh/v135/@stdlib/assert@0.2.1/denonext/is-nonnegative-integer.js": "629a18072cbfc41f81c49dcb639e5036d06218c71cc82d3cf9fd4e1516128a6b",
    "https://esm.sh/v135/@stdlib/assert@0.2.1/denonext/is-number.js": "24e781f0c1d2c3d6d912ab96beb62815f708c5ba2afdff58ded941a7a2b83eda",
    "https://esm.sh/v135/@stdlib/assert@0.2.1/denonext/is-object-like.js": "18dc254e2e98f453d19e30b403112103a3d582901c6f54a2293f959845adf182",
    "https://esm.sh/v135/@stdlib/assert@0.2.1/denonext/is-object.js": "47c85c36bf134cf0b658765be8b6bc16a0b5afeaad40bde73a5c4523f602d3f5",
    "https://esm.sh/v135/@stdlib/assert@0.2.1/denonext/is-plain-object.js": "35a6fc7204ded29d03c31990bb1bc99ab08b9c2b07636f5192ac9d86db759955",
    "https://esm.sh/v135/@stdlib/assert@0.2.1/denonext/is-positive-integer.js": "b9e4e46e7e85d2777aa0c42ff933fa62a8a394727156aa4ec7159a9cdb8d9421",
    "https://esm.sh/v135/@stdlib/assert@0.2.1/denonext/is-positive-number.js": "5fa3eb34fc91f09edf6f3536f5b989b6713404dac0e50bceeac8f86deaa9ecf5",
    "https://esm.sh/v135/@stdlib/assert@0.2.1/denonext/is-string.js": "4fd2645f851d31eeed2091359155618cf710c0bb356917290c3b03ce63c9cd21",
    "https://esm.sh/v135/@stdlib/assert@0.2.1/denonext/is-typed-array-like.js": "63520b528123a8d4faca17ab7a8bde7ac38f23967c08790d17d49a487c914b5f",
    "https://esm.sh/v135/@stdlib/assert@0.2.1/denonext/is-typed-array.js": "eff6a1ecd0a22b600003a00c98791918a8c408b7dacc2e4d6bb9e7a79607d4ef",
    "https://esm.sh/v135/@stdlib/assert@0.2.1/denonext/is-uint32array.js": "bb6b4394e01397ef24ec78a3a9e78dedc1c023ec948b49da54baaa1525277d25",
    "https://esm.sh/v135/@stdlib/assert@0.2.1/denonext/is-unity-probability-array.js": "cc83b9bb041416a59144450915ef9a5fb2750c34d8ecf7dfcf5cdd38682ea9a9",
    "https://esm.sh/v135/@stdlib/blas@0.2.1/denonext/base/gcopy.js": "a4f6535d220bb1f2103e59a53a846744739997392095d31cd8e6825b225ec403",
    "https://esm.sh/v135/@stdlib/boolean@0.2.1/denonext/ctor.js": "4bd7b110dd4863b64c6c7b260f120a2a5b714d585d198131032e5164af9f80f5",
    "https://esm.sh/v135/@stdlib/buffer@0.2.1/denonext/from-buffer.js": "8ffd1b55aef8e2fc87779be5bbd07f1e57e3fe8f48e6d13adf2735fa38e0c81e",
    "https://esm.sh/v135/@stdlib/complex@0.2.1/denonext/float32.js": "f25383f1bb7332525a44b79d7d5bd22b640fb98bd6389dca3c828ba9a80690b5",
    "https://esm.sh/v135/@stdlib/complex@0.2.1/denonext/float64.js": "49bc7bfac035444e9d968abab3ea2e924b0164c941b70c7cb260e7456e143f28",
    "https://esm.sh/v135/@stdlib/complex@0.2.1/denonext/imag.js": "51da3889c4d745cde881c9d4c23148990dffc87bbe647ff619ccdcaa11f64fdf",
    "https://esm.sh/v135/@stdlib/complex@0.2.1/denonext/imagf.js": "2ddd12abf43d20f69c839fb6424508258cd63679493adff6d048cfe4b4f64bad",
    "https://esm.sh/v135/@stdlib/complex@0.2.1/denonext/real.js": "99e3dbcbd3c0360d2b20ac1b2c02346cac38ddae07c67e23db011c272732dfb8",
    "https://esm.sh/v135/@stdlib/complex@0.2.1/denonext/realf.js": "2857238ccc2ceaa97dd944ebc7ca4e03c01eb445e56f3e0e94ddb1e82c5d9131",
    "https://esm.sh/v135/@stdlib/constants@0.2.1/denonext/array/max-array-length.js": "16b0913e37f085a9323ab2505263d7e0811ed2715dd8f8623c6eb5b0715797c8",
    "https://esm.sh/v135/@stdlib/constants@0.2.1/denonext/array/max-typed-array-length.js": "1f57aca91ba5d8f53df8e7f480c7f8fdc5b70f4686118a548f99aea44b68b4bc",
    "https://esm.sh/v135/@stdlib/constants@0.2.1/denonext/float64/exponent-bias.js": "915633cf0a83ddaae54fe59744e80895622f287b74c786deabdb68a4c7f218c8",
    "https://esm.sh/v135/@stdlib/constants@0.2.1/denonext/float64/high-word-abs-mask.js": "442a2f28454ef4a8bc70fab29a27a9371d83d41bcb970b077762a358994d5d12",
    "https://esm.sh/v135/@stdlib/constants@0.2.1/denonext/float64/high-word-exponent-mask.js": "75cd06d0485a929f132dfb049ae9d106b50532f4719984b974d111d17072dd2d",
    "https://esm.sh/v135/@stdlib/constants@0.2.1/denonext/float64/high-word-sign-mask.js": "b78e2f624820b0a8a8e783af20fc912e20495ab2792ded72456b229b4b423cbc",
    "https://esm.sh/v135/@stdlib/constants@0.2.1/denonext/float64/high-word-significand-mask.js": "3dad8e647bf6d48807479de6a331e6da60e3cd843124b4d61b0f22f97306496c",
    "https://esm.sh/v135/@stdlib/constants@0.2.1/denonext/float64/ln-two.js": "e789c86432828a309699eefddf6c49e801dd5163665d3c886765b755ab5a93b8",
    "https://esm.sh/v135/@stdlib/constants@0.2.1/denonext/float64/max-base2-exponent-subnormal.js": "1feac99b04f6069fbd97f500def5f7ff39fd8ccb02f29407fc29f6d92789daae",
    "https://esm.sh/v135/@stdlib/constants@0.2.1/denonext/float64/max-base2-exponent.js": "8d8e1a9b61912765308ee67c4a224c7f4bc670726ab2136453bac9b08f27699c",
    "https://esm.sh/v135/@stdlib/constants@0.2.1/denonext/float64/max-safe-integer.js": "f110dcad4b6c5db37108bbc3fe33480be58e87d2887480b83d3d63aad0b6c537",
    "https://esm.sh/v135/@stdlib/constants@0.2.1/denonext/float64/min-base2-exponent-subnormal.js": "621354caa12325636775cb2d81d34fb01b2f3afa8e6fd0bb25f7dbdc4c55ab47",
    "https://esm.sh/v135/@stdlib/constants@0.2.1/denonext/float64/ninf.js": "3b489bc9c2508b52aafe97b75659aab06fde9de44f010009c72324bfe4e19e91",
    "https://esm.sh/v135/@stdlib/constants@0.2.1/denonext/float64/pinf.js": "df7bf0b6c0741758461ac10e2bc91e7ab4331f37b71a649e9e4cca448f517839",
    "https://esm.sh/v135/@stdlib/constants@0.2.1/denonext/float64/smallest-normal.js": "67c11ed0822ae1a88bd046eb005537fcc9409ec7d1f1907c21619bae847dc848",
    "https://esm.sh/v135/@stdlib/constants@0.2.1/denonext/float64/sqrt-eps.js": "4c3d519b816da9170acc79086c850ca51e4b7c922c4ed12ad0e17f6edcaef682",
    "https://esm.sh/v135/@stdlib/constants@0.2.1/denonext/int16/max.js": "ff0d5c7ce4ec201b55e4db953281bb0d70da81d9a80461ee5ab1510e34104b8a",
    "https://esm.sh/v135/@stdlib/constants@0.2.1/denonext/int16/min.js": "bded0f80db13346efb6071f67c2018d60317c85fe14d562d212b885785eb95a7",
    "https://esm.sh/v135/@stdlib/constants@0.2.1/denonext/int32/max.js": "f1aed9b278d50a8f722c5f03f1b13bff6928801d1a1eae689948cc9dbca288b6",
    "https://esm.sh/v135/@stdlib/constants@0.2.1/denonext/int32/min.js": "ae5a50504b3340488607565e5b6b7bba695fe8ae68c4973705673a2b4d46d918",
    "https://esm.sh/v135/@stdlib/constants@0.2.1/denonext/int8/max.js": "ada191a6ed1eb90f40bf57d2c862442a2b172d264dcfc0d09d320ccc82fd1057",
    "https://esm.sh/v135/@stdlib/constants@0.2.1/denonext/int8/min.js": "cc10fd51fca09d7d8e07c760f19372513a57aa0058a9dd3b808eeb1d6f462958",
    "https://esm.sh/v135/@stdlib/constants@0.2.1/denonext/uint16/max.js": "58514fb0db9be63308e5e3e4fe3f7c4c2467be82d85048c9eca170ef8c56d53b",
    "https://esm.sh/v135/@stdlib/constants@0.2.1/denonext/uint32/max.js": "8ade09b5c305c041ecaaf9bdc7dea117895985a77abaa5e13cb5063452569769",
    "https://esm.sh/v135/@stdlib/constants@0.2.1/denonext/uint8/max.js": "a8930a00097db3641ad66f0ede68ddffe799a40af6ac8254954370fa64b97fa8",
    "https://esm.sh/v135/@stdlib/math@0.2.1/denonext/base/assert/is-even.js": "97596a3d867739ad02c9bcbcfd824b30645af5b7495a54943ec18ebcb82764bf",
    "https://esm.sh/v135/@stdlib/math@0.2.1/denonext/base/assert/is-infinite.js": "fba778cacc457a4f3069e35a7757a832bb4b61668411d1316705999bada4f5f7",
    "https://esm.sh/v135/@stdlib/math@0.2.1/denonext/base/assert/is-integer.js": "3426c733198c17bc237a84ad53d5d1f0edef26a35e86964d5002becb9c65eeb2",
    "https://esm.sh/v135/@stdlib/math@0.2.1/denonext/base/assert/is-nan.js": "3d3788138b2f93b8db61247b62dca30096e1f3345564df2c9b83978f6904515b",
    "https://esm.sh/v135/@stdlib/math@0.2.1/denonext/base/ops/umul.js": "995e6e5b7b9de126d94732865e6ab2634e9e45271a0a91f1675b3afe14d7adf9",
    "https://esm.sh/v135/@stdlib/math@0.2.1/denonext/base/special/abs.js": "6c3ca61b2fc66b7f4d5f39c6391e44118b0cdd317b86ba5ffe75d98edf464546",
    "https://esm.sh/v135/@stdlib/math@0.2.1/denonext/base/special/erfinv.js": "e8f6291862ae0d89ecb24df7ab11842761f54fa67324f298ad63bef58a83ff0f",
    "https://esm.sh/v135/@stdlib/math@0.2.1/denonext/base/special/erfinv/lib.js": "9566689d3e0fda14edadc6f3700caf633499a5558a18c128541c56079c2e07f7",
    "https://esm.sh/v135/@stdlib/math@0.2.1/denonext/base/special/exp.js": "1e814a85a48d3ca537c3915ec9f75c347b75f42e07d325977888f00e9b42c74f",
    "https://esm.sh/v135/@stdlib/math@0.2.1/denonext/base/special/floor.js": "480fbbc30ef404b3be23a13aa986210e0aa4b15c1d7ea57e54ac5028b161da71",
    "https://esm.sh/v135/@stdlib/math@0.2.1/denonext/base/special/ln.js": "d33f9081bf3220883507f134ec54ae34abf513a41400437bec9cd05ab99fba3d",
    "https://esm.sh/v135/@stdlib/math@0.2.1/denonext/base/special/max.js": "87d24b187ea6a094aa63b3a749ec5277a334184455c0dd4c9a4a0d0dfe32b11b",
    "https://esm.sh/v135/@stdlib/math@0.2.1/denonext/base/special/pow.js": "1e07f749e51c6740f103a740f8a958b53a2a464fe3353e9721179ff2675e7a33",
    "https://esm.sh/v135/@stdlib/math@0.2.1/denonext/base/special/sqrt.js": "03c458b3977d5344c7728be5e80f0b7b6dc53bdbd4cf437dc3001614dde0de60",
    "https://esm.sh/v135/@stdlib/math@0.2.1/denonext/base/utils/absolute-difference.js": "50a02fb63f462dac9321e9dd0102b09a091b76f72ae83bab188f9bacaa431a3a",
    "https://esm.sh/v135/@stdlib/number@0.2.1/denonext/ctor.js": "510c56d328665ca07c55b42f6726571646fcad210231523e831338796cd03de4",
    "https://esm.sh/v135/@stdlib/number@0.2.1/denonext/float64/base/exponent.js": "0dced2d1d3551150ae42ab339ac97a63a5f98aef2e674ee221d64f0bead96c72",
    "https://esm.sh/v135/@stdlib/number@0.2.1/denonext/float64/base/from-words.js": "e22e2550aa1743b9592339cf76dd13778ccfd7f7a4f86f0001fafe803bfc4a21",
    "https://esm.sh/v135/@stdlib/number@0.2.1/denonext/float64/base/get-high-word.js": "81ce3c74332cb6e1e32709753148be8494159696759adfac993586b14255df95",
    "https://esm.sh/v135/@stdlib/number@0.2.1/denonext/float64/base/normalize.js": "ae7b622193e7bec5f0078eda94a3d569c031a1bf3725c8561e0e1f5a4454496d",
    "https://esm.sh/v135/@stdlib/number@0.2.1/denonext/float64/base/set-high-word.js": "9b2ba8458d0b9a827db6e35dc3fb7d72b1789cc2cbd7640bd35083080d76f5ac",
    "https://esm.sh/v135/@stdlib/number@0.2.1/denonext/float64/base/set-low-word.js": "f2fc2b66cfe4f03ad631b263ab77702309ce6282964342a1603e571d38c8f8db",
    "https://esm.sh/v135/@stdlib/number@0.2.1/denonext/float64/base/to-float32.js": "ef8acacb3e275a496cc46f0c8aad0892a0857f88dcabca1d7fce765c8b67435a",
    "https://esm.sh/v135/@stdlib/number@0.2.1/denonext/float64/base/to-words.js": "8d5e69233cf0ff74f583f186260e21f6024a31282ab0e61bf6a70a87555a1ea0",
    "https://esm.sh/v135/@stdlib/number@0.2.1/denonext/uint32/base/to-int32.js": "6f7b70a466c178dd662578c393aa8a00dd73a7db186d08027ad83954f35eb67c",
    "https://esm.sh/v135/@stdlib/object@0.2.1/denonext/assign.js": "7e0a355f47426f348611c62e719fc059dcc33dec4f51309e896171139173c6d2",
    "https://esm.sh/v135/@stdlib/object@0.2.1/denonext/ctor.js": "6dce6b82623fa5027025b7a517713eea4b1120ee6d9221a741c1f37bbfacf0eb",
    "https://esm.sh/v135/@stdlib/random@0.2.1/denonext/base/beta.js": "579bde9b6798517f715c797fa85277fbbb068f9d9e609ac39889a51f245a07b9",
    "https://esm.sh/v135/@stdlib/random@0.2.1/denonext/base/beta/lib.js": "8a29c8db64a8f5b136f86e014ac4a05280dd7ee02aaadf4918dad96000f0fe75",
    "https://esm.sh/v135/@stdlib/random@0.2.1/denonext/base/gamma.js": "5c03cb8d45febe000369f0a635d863eb3157bc7c6c66f0d37a8bec468faab481",
    "https://esm.sh/v135/@stdlib/random@0.2.1/denonext/base/gamma/lib.js": "4e6fc5d7c0e74cf7c0bf430821003ceb1d76ae3fa6e933381fa6b64a3b636e35",
    "https://esm.sh/v135/@stdlib/random@0.2.1/denonext/base/lognormal.js": "c6de72a5020186eed3e83091fce8e53896885da47ec1d9c7c41b1691ef613194",
    "https://esm.sh/v135/@stdlib/random@0.2.1/denonext/base/lognormal/lib.js": "8767c8ab0fa7cf649b9e23ad0f35f16f2c7f4b6aa43cbd851a2d635f024984e1",
    "https://esm.sh/v135/@stdlib/random@0.2.1/denonext/base/normal.js": "711a6d496b427af5df0d9a4320ac2576bd588e5b235f981b62644a99637f09c9",
    "https://esm.sh/v135/@stdlib/random@0.2.1/denonext/base/normal/lib.js": "ebb7f4e543c5bd1ef826a0a50b7df96a7eaf74c37a7d1ad1757ed9e5ebc63b8a",
    "https://esm.sh/v135/@stdlib/random@0.2.1/denonext/base/uniform.js": "5c442cc2bc7fc5401e7285b2def733de2ed42ee5db9a0412eded2ab5f86991ea",
    "https://esm.sh/v135/@stdlib/random@0.2.1/denonext/base/uniform/lib.js": "7e50a297a9eff5bf81f57a67486ace7c5d54a1deffbbc553a40f650deafe5305",
    "https://esm.sh/v135/@stdlib/random@0.2.1/denonext/sample.js": "9bb528a1f91ffa2dac5ff7762ccce21ef9844546ea54387b003adfb5633d4c0d",
    "https://esm.sh/v135/@stdlib/random@0.2.1/denonext/sample/lib.js": "ed2eca8a5619bc4a24116520a469a1d54e17a0ca84edfc1e201d3c2a76bea090",
    "https://esm.sh/v135/@stdlib/regexp@0.2.1/denonext/function-name.js": "3e0d2e8976d682d8ad007e27f76951cd6ea5dff4482f692a1f65cdfeefd85497",
    "https://esm.sh/v135/@stdlib/regexp@0.2.1/denonext/regexp.js": "d7943f731c9f02b03178f134484903e45a2f7377f6369244664dcbab1044de66",
    "https://esm.sh/v135/@stdlib/strided@0.2.1/denonext/base/reinterpret-complex128.js": "152010850f8580c05479a9eea9d9111a9df3ae8cafcff245d40603013ae56985",
    "https://esm.sh/v135/@stdlib/strided@0.2.1/denonext/base/reinterpret-complex64.js": "382f69135ca1b3f941f9d8cad9352c7beca7a6f2ffe2e87f8f8214bd55b74674",
    "https://esm.sh/v135/@stdlib/string@0.2.1/denonext/format.js": "4c342e324de408cfdcdaed886f47e436bf1ed8c422fc10d01ef0d5b187f48aaf",
    "https://esm.sh/v135/@stdlib/symbol@0.2.1/denonext/ctor.js": "47c76ffaa0f6f577fc817269575e0dc309ab3b4cb1bda6855aa6666218a35199",
    "https://esm.sh/v135/@stdlib/symbol@0.2.1/denonext/iterator.js": "18564cd35d4df656bccf37794912ccf91a7ae8641df968de39474918c3529574",
    "https://esm.sh/v135/@stdlib/utils@0.2.1/denonext/constant-function.js": "ac5aef661252ff7f7c568a40c729139c7e70efc13e98703c6e7748a0e1b9514d",
    "https://esm.sh/v135/@stdlib/utils@0.2.1/denonext/constructor-name.js": "4345c83a831288c8fcb2348e62080544608ed11702ab0172c7e0785f5383ea2b",
    "https://esm.sh/v135/@stdlib/utils@0.2.1/denonext/copy.js": "13277f0871cfe5be89e0f84b374eac19de275a8f475cd9108c36c18a9f6ceae2",
    "https://esm.sh/v135/@stdlib/utils@0.2.1/denonext/define-nonenumerable-read-only-accessor.js": "ded64e8875949fcdea8231b632f555b70778774459cb78aa981ae721bf2d5f6d",
    "https://esm.sh/v135/@stdlib/utils@0.2.1/denonext/define-nonenumerable-read-only-property.js": "e801e53dae9078130447c1d75537a35e9ef13329efa0b7e7c36d5f6f96bbf78b",
    "https://esm.sh/v135/@stdlib/utils@0.2.1/denonext/define-nonenumerable-read-write-accessor.js": "1f0b0ff2369fad72db3db8ce324d3b4bd28b8a3203f6d38706adf0b3ac36ae39",
    "https://esm.sh/v135/@stdlib/utils@0.2.1/denonext/define-property.js": "a1e7d9a0ccae50bdd483958ff27bc39667a6122f60537b02ffea2a3e5f5477e6",
    "https://esm.sh/v135/@stdlib/utils@0.2.1/denonext/enumerable-properties.js": "d6618d348235812f7618d0907dfd9d0a6da4ec457160caef3cd09d61a069fff6",
    "https://esm.sh/v135/@stdlib/utils@0.2.1/denonext/function-name.js": "234e4176132e4afe32f70a083888eced35b76d8b1edc23937fced1d40afffcef",
    "https://esm.sh/v135/@stdlib/utils@0.2.1/denonext/get-prototype-of.js": "cbe8b18f95fe1c1c2efcb6e064f02bbf5494b22e4c8ef7b43ad70e0afe54f86a",
    "https://esm.sh/v135/@stdlib/utils@0.2.1/denonext/native-class.js": "11787e9138f3a6348191f99a096aebf1c09d61d231c82c964eb46280b9284aaf",
    "https://esm.sh/v135/@stdlib/utils@0.2.1/denonext/noop.js": "db4ccd5ddb96aa62cacfcac2dd511a81733c4f376cdde352a2afb356e415fba0",
    "https://esm.sh/v135/@stdlib/utils@0.2.1/denonext/type-of.js": "82391e0de5b6de2cc7cf7478fe6de553310598bcb92ad99d13f0ef8afbf674b8",
    "https://esm.sh/v135/binary-search-bounds@2.0.5/denonext/binary-search-bounds.mjs": "abd5b15294abdbb63b6fa96e3197d4d5047c09de231315a936893df0d603ef7d",
    "https://esm.sh/v135/d3-array@3.2.4/denonext/d3-array.mjs": "a26a1a8da23b6f518897a8989afba30ad24b3ef97c7aa8ad845f9589545195bf",
    "https://esm.sh/v135/d3-axis@3.0.0/denonext/d3-axis.mjs": "7a6271f6a866e2d29f1bb615174bde71522ada95aa0d67a44b312116256ac6be",
    "https://esm.sh/v135/d3-brush@3.0.0/denonext/d3-brush.mjs": "4d1aa5f9a16a3d4be5d7531058d306146258ce5406c454744dad93e1fcfb46ff",
    "https://esm.sh/v135/d3-chord@3.0.1/denonext/d3-chord.mjs": "e1b115a3c9cd1d66bc7dcd70842be1c968a3e4dea066e37bea4e2afa989364bc",
    "https://esm.sh/v135/d3-color@3.1.0/denonext/d3-color.mjs": "122fc5641a8e7614e350502c67047a165dc2bf355b50f140a2eee1c785c162c9",
    "https://esm.sh/v135/d3-contour@4.0.2/denonext/d3-contour.mjs": "22cb8e41f88065c436f99aa57e338cfb98946e81ba377617d7aea67f7eb09dd7",
    "https://esm.sh/v135/d3-delaunay@6.0.4/denonext/d3-delaunay.mjs": "0a9f02b284e04b0618a5e93462ebafdffdddca2bcd36ace4f8ffe6d7002f88ee",
    "https://esm.sh/v135/d3-dispatch@3.0.1/denonext/d3-dispatch.mjs": "7715a9e7ce668c8f874bc280d093e9017c1432829086a3e2122082f31a5d5c69",
    "https://esm.sh/v135/d3-drag@3.0.0/denonext/d3-drag.mjs": "0ac6fcca4b7b6e5e63f664b35d13cfc911131d786749a9929d6c6ce4559e58ee",
    "https://esm.sh/v135/d3-dsv@3.0.1/denonext/d3-dsv.mjs": "bff61331c5dcae3863f719387ce26e391e51b704bbd244d3ca4f44543b135bd5",
    "https://esm.sh/v135/d3-ease@3.0.1/denonext/d3-ease.mjs": "a75365d6c9dc21ab661fc4b1fa6c9fb35a317750b8c624358898c8081ecbf80b",
    "https://esm.sh/v135/d3-fetch@3.0.1/denonext/d3-fetch.mjs": "42ce07cf656c097c870d92fdc20b2864ec2ddd4b1abe8ad47df76b602461a602",
    "https://esm.sh/v135/d3-force@3.0.0/denonext/d3-force.mjs": "a8b131af2e2653c9a2ca4c9de67cd356686e22b1db7143d3b2627852ad82a7d8",
    "https://esm.sh/v135/d3-format@3.1.0/denonext/d3-format.mjs": "8e18c6f7f5f5dcffb07356481da541d539c3c13f0a18cf779a31d6e364ab685f",
    "https://esm.sh/v135/d3-format@3.1.0/denonext/src/defaultLocale.js": "de38fd6a1fef1096f082cb6c74a72329bf97cb8d5e78e064b836ea48327a8396",
    "https://esm.sh/v135/d3-geo@3.1.0/denonext/d3-geo.mjs": "e5854e05cdb2771c74fbd84a4c5e77af96f7ba07613753aa0beaefb537862645",
    "https://esm.sh/v135/d3-hierarchy@3.1.2/denonext/d3-hierarchy.mjs": "d57cfe827b4873a6b9b25b3543092a33d68206718b53bec53ac89331bcbed09f",
    "https://esm.sh/v135/d3-interpolate@3.0.1/denonext/d3-interpolate.mjs": "a7030fe4ea2968689302299e185dd8cb72b3bac47f23fec1a335831c86ce1342",
    "https://esm.sh/v135/d3-path@3.1.0/denonext/d3-path.mjs": "38324963b0a585cef0359e7ac96792d5de75e2889f274378cbb1cac4a041a4a8",
    "https://esm.sh/v135/d3-polygon@3.0.1/denonext/d3-polygon.mjs": "52f107c15baef4491dcf49e9539487bcf49e548049f903cea5afe6538b0063dd",
    "https://esm.sh/v135/d3-quadtree@3.0.1/denonext/d3-quadtree.mjs": "9e571ae56723bdcbc04c302784a0b6260483ba1e04a40310b1ec72b0cd2d2378",
    "https://esm.sh/v135/d3-random@3.0.1/denonext/d3-random.mjs": "3fa88dbce2d4ce933b46e4c6e70466788ef25077ea35e8120a6c1a5d6e2fbdbc",
    "https://esm.sh/v135/d3-scale-chromatic@3.0.0/denonext/d3-scale-chromatic.mjs": "5d10de6810b38e13064eab3de49c78857507e17ed86d6805790fb4f0c0bd36ca",
    "https://esm.sh/v135/d3-scale@4.0.2/denonext/d3-scale.mjs": "3b5e57069832c9355b0661be1b6f4c50eb636430407b7c26c23c1683bcf21c2c",
    "https://esm.sh/v135/d3-selection@3.0.0/denonext/d3-selection.mjs": "944c0f6ba003bc2f560f2ff4114fac04eccec6b32b73d2f6937c65017b8b56a3",
    "https://esm.sh/v135/d3-shape@3.2.0/denonext/d3-shape.mjs": "87927855b2dd4d4bf2a957dfcb91b3f883907f7e524f9e7e54af64b191b7ad7a",
    "https://esm.sh/v135/d3-time-format@4.1.0/denonext/d3-time-format.mjs": "708858c2457dc1bdcea08c26d460ae011fcdaa30eb0a088ee693c818f2fdb3fa",
    "https://esm.sh/v135/d3-time-format@4.1.0/denonext/src/defaultLocale.js": "97a7f919564aae5be0a00b22eec7b6a4f7bdfd13519ca54514078f5f18fe7f31",
    "https://esm.sh/v135/d3-time@3.1.0/denonext/d3-time.mjs": "029d6a3a79c618baa8a7dff7a25bd331bda4854504fca3b5331db08ab5a33ddb",
    "https://esm.sh/v135/d3-timer@3.0.1/denonext/d3-timer.mjs": "fb8f1715c2e808e427b87cafdc6ffd529ac7a707348e4a86ba3c15068de64ee3",
    "https://esm.sh/v135/d3-transition@3.0.1/denonext/d3-transition.mjs": "ee12b96cfc5cacc0d2796126871b436337fcaee52258efc4cefebbfc8cc21d36",
    "https://esm.sh/v135/d3-transition@3.0.1/denonext/src/selection.js": "aecaf29a7f3bac4437620bdc49acb520408ebc305f11e98d3caa20155bee81c6",
    "https://esm.sh/v135/d3-zoom@3.0.0/denonext/d3-zoom.mjs": "4ae6edfdd888b3f83a674858fd163e85003349250009cb8bc6d87cd560e347fc",
    "https://esm.sh/v135/d3@7.8.5/denonext/d3.mjs": "eb3c8f7f15544cc2f602a537b81e7d517bbbe67e70b46cade16634b50d069fc7",
    "https://esm.sh/v135/delaunator@5.0.0/denonext/delaunator.mjs": "80f7348737a19379e3c60f121164e39fbf6bebfd92ab780625df4a9524474a57",
    "https://esm.sh/v135/fast-kde@0.2.1/denonext/fast-kde.mjs": "0845efeb815a6afb7ffa5c3e60d9cc53b952b7330860f0ac46fc3922458e8670",
    "https://esm.sh/v135/internmap@2.0.3/denonext/internmap.mjs": "c186a0bf924a737fc6e44f062fbe24e6a11c4f0643ce7c357dfd2eaf811648c6",
    "https://esm.sh/v135/interval-tree-1d@1.0.4/denonext/interval-tree-1d.mjs": "9f6a49de95d206e3763989198fce7bedfb4d53a7f779ffa42331c62fa1e268c8",
    "https://esm.sh/v135/isoformat@0.2.1/denonext/isoformat.mjs": "d6152aeb7cf10ef024d9212746076dd1e144bfb09046e08ce339bf50b645e404",
    "https://esm.sh/v135/robust-predicates@3.0.2/denonext/robust-predicates.mjs": "7c3fa8b827ecabd4916f3db9756fc246b113cb71ac17485d3dc220538f7d3aeb",
    "https://esm.sh/v135/subscript@8.2.2/denonext/compile.js": "6113c4aae81c1923a1d625cecd636de7248a3a34d4a259f0a21c1f20ab77a99a",
    "https://esm.sh/v135/subscript@8.2.2/denonext/parse.js": "1b9ffac85c4a1bd1d77736c309ef33cff3420f901a935380a5c7a9441e5aa883",
    "https://esm.sh/v135/subscript@8.2.2/denonext/subscript.mjs": "ca68b2e02af191cda44eca4c38354bb047aaa06911faa8384dda3e9577dfd76f"
  },
  "workspace": {
    "dependencies": [
      "jsr:@es-toolkit/es-toolkit@^1.21.0",
      "jsr:@std/assert@^1.0.6",
      "npm:@toshiara/special-erfinv@1",
      "npm:d3-random@^3.0.1",
      "npm:d3@^7.9.0",
      "npm:subscript@^8.4.1"
    ]
  }
}
